// !$*UTF8*$!
{
	archiveVersion = 1;
	classes = {
	};
	objectVersion = 50;
	objects = {

/* Begin PBXBuildFile section */
		4916533721E650E80072D075 /* Globals.swift in Sources */ = {isa = PBXBuildFile; fileRef = 4916533621E650E80072D075 /* Globals.swift */; };
		4916533A21E68F530072D075 /* RequestCollectionViewCell.swift in Sources */ = {isa = PBXBuildFile; fileRef = 4916533921E68F530072D075 /* RequestCollectionViewCell.swift */; };
		492AAD6F2188936C006976DC /* SignInViewController.swift in Sources */ = {isa = PBXBuildFile; fileRef = 492AAD6E2188936C006976DC /* SignInViewController.swift */; };
		492C241C21E016A900DB88C7 /* NotificationsViewController.swift in Sources */ = {isa = PBXBuildFile; fileRef = 492C241B21E016A900DB88C7 /* NotificationsViewController.swift */; };
		498CF2DE219B7C9200F2431E /* MenuViewController.swift in Sources */ = {isa = PBXBuildFile; fileRef = 498CF2DD219B7C9200F2431E /* MenuViewController.swift */; };
		49989FEE2190A0B300F61C58 /* Color.swift in Sources */ = {isa = PBXBuildFile; fileRef = 49989FED2190A0B300F61C58 /* Color.swift */; };
		49BE8F3A21B717A300B19F71 /* CreateGroupViewController.swift in Sources */ = {isa = PBXBuildFile; fileRef = 49BE8F3921B717A300B19F71 /* CreateGroupViewController.swift */; };
		49D1852321B5EA4C0034E239 /* SettingsViewController.swift in Sources */ = {isa = PBXBuildFile; fileRef = 49D1852221B5EA4C0034E239 /* SettingsViewController.swift */; };
		49D3DE64218C9A2A00CE7964 /* UserSetupViewController.swift in Sources */ = {isa = PBXBuildFile; fileRef = 49D3DE63218C9A2A00CE7964 /* UserSetupViewController.swift */; };
		49FD4A31217E1EC60037DC74 /* AppDelegate.swift in Sources */ = {isa = PBXBuildFile; fileRef = 49FD4A30217E1EC60037DC74 /* AppDelegate.swift */; };
		49FD4A33217E1EC60037DC74 /* ViewController.swift in Sources */ = {isa = PBXBuildFile; fileRef = 49FD4A32217E1EC60037DC74 /* ViewController.swift */; };
		49FD4A38217E1EC70037DC74 /* Assets.xcassets in Resources */ = {isa = PBXBuildFile; fileRef = 49FD4A37217E1EC70037DC74 /* Assets.xcassets */; };
		49FD4A3B217E1EC70037DC74 /* LaunchScreen.storyboard in Resources */ = {isa = PBXBuildFile; fileRef = 49FD4A39217E1EC70037DC74 /* LaunchScreen.storyboard */; };
		4A05100D218B4A7B00613315 /* GoogleService-Info.plist in Resources */ = {isa = PBXBuildFile; fileRef = 4A05100C218B4A7B00613315 /* GoogleService-Info.plist */; };
		4A9A864121E3ACFD004943EE /* GroupSelectionCell.swift in Sources */ = {isa = PBXBuildFile; fileRef = 4A9A863F21E3ACFD004943EE /* GroupSelectionCell.swift */; };
		4AB63F6122259E22007C0C34 /* FirstRequestsCollectionViewCell.swift in Sources */ = {isa = PBXBuildFile; fileRef = 4AB63F6022259E22007C0C34 /* FirstRequestsCollectionViewCell.swift */; };
		4ABCA90A220CD8C300162DC8 /* UserReservationCell.swift in Sources */ = {isa = PBXBuildFile; fileRef = 4ABCA909220CD8C300162DC8 /* UserReservationCell.swift */; };
		4ABCA90C220CDFC500162DC8 /* TodayReservationCell.swift in Sources */ = {isa = PBXBuildFile; fileRef = 4ABCA90B220CDFC500162DC8 /* TodayReservationCell.swift */; };
		4AC4D42121F7753200FA5349 /* ReservationViewController.swift in Sources */ = {isa = PBXBuildFile; fileRef = 4AC4D42021F7753200FA5349 /* ReservationViewController.swift */; };
		4AC4D42321F7D35100FA5349 /* CalendarCell.swift in Sources */ = {isa = PBXBuildFile; fileRef = 4AC4D42221F7D35100FA5349 /* CalendarCell.swift */; };
		4AC4D42521FB6C9700FA5349 /* Main.storyboard in Resources */ = {isa = PBXBuildFile; fileRef = 4AC4D42421FB6C9700FA5349 /* Main.storyboard */; };
		4AE3937B221611B800C30FE9 /* InitialHomeScreen.swift in Sources */ = {isa = PBXBuildFile; fileRef = 4AE3937A221611B800C30FE9 /* InitialHomeScreen.swift */; };
		CB27A27EB8CBBF22E0A505E6 /* Pods_Car_Charge_Checker.framework in Frameworks */ = {isa = PBXBuildFile; fileRef = B1E00A3EACA941F4B391A7BB /* Pods_Car_Charge_Checker.framework */; };
/* End PBXBuildFile section */

/* Begin PBXFileReference section */
		4916533621E650E80072D075 /* Globals.swift */ = {isa = PBXFileReference; lastKnownFileType = sourcecode.swift; path = Globals.swift; sourceTree = "<group>"; };
		4916533921E68F530072D075 /* RequestCollectionViewCell.swift */ = {isa = PBXFileReference; lastKnownFileType = sourcecode.swift; path = RequestCollectionViewCell.swift; sourceTree = "<group>"; };
		492AAD6E2188936C006976DC /* SignInViewController.swift */ = {isa = PBXFileReference; lastKnownFileType = sourcecode.swift; path = SignInViewController.swift; sourceTree = "<group>"; };
		492C241B21E016A900DB88C7 /* NotificationsViewController.swift */ = {isa = PBXFileReference; lastKnownFileType = sourcecode.swift; path = NotificationsViewController.swift; sourceTree = "<group>"; };
		498CF2DD219B7C9200F2431E /* MenuViewController.swift */ = {isa = PBXFileReference; lastKnownFileType = sourcecode.swift; path = MenuViewController.swift; sourceTree = "<group>"; };
		49989FED2190A0B300F61C58 /* Color.swift */ = {isa = PBXFileReference; lastKnownFileType = sourcecode.swift; path = Color.swift; sourceTree = "<group>"; };
		49BE8F3921B717A300B19F71 /* CreateGroupViewController.swift */ = {isa = PBXFileReference; lastKnownFileType = sourcecode.swift; path = CreateGroupViewController.swift; sourceTree = "<group>"; };
		49D1852221B5EA4C0034E239 /* SettingsViewController.swift */ = {isa = PBXFileReference; lastKnownFileType = sourcecode.swift; path = SettingsViewController.swift; sourceTree = "<group>"; };
		49D3DE63218C9A2A00CE7964 /* UserSetupViewController.swift */ = {isa = PBXFileReference; lastKnownFileType = sourcecode.swift; path = UserSetupViewController.swift; sourceTree = "<group>"; };
		49DE59E92182122B00EE51DE /* Car Charge Checker.entitlements */ = {isa = PBXFileReference; lastKnownFileType = text.plist.entitlements; path = "Car Charge Checker.entitlements"; sourceTree = "<group>"; };
		49FD4A2D217E1EC60037DC74 /* Car Charge Checker.app */ = {isa = PBXFileReference; explicitFileType = wrapper.application; includeInIndex = 0; path = "Car Charge Checker.app"; sourceTree = BUILT_PRODUCTS_DIR; };
		49FD4A30217E1EC60037DC74 /* AppDelegate.swift */ = {isa = PBXFileReference; lastKnownFileType = sourcecode.swift; path = AppDelegate.swift; sourceTree = "<group>"; };
		49FD4A32217E1EC60037DC74 /* ViewController.swift */ = {isa = PBXFileReference; lastKnownFileType = sourcecode.swift; path = ViewController.swift; sourceTree = "<group>"; };
		49FD4A37217E1EC70037DC74 /* Assets.xcassets */ = {isa = PBXFileReference; lastKnownFileType = folder.assetcatalog; path = Assets.xcassets; sourceTree = "<group>"; };
		49FD4A3A217E1EC70037DC74 /* Base */ = {isa = PBXFileReference; lastKnownFileType = file.storyboard; name = Base; path = Base.lproj/LaunchScreen.storyboard; sourceTree = "<group>"; };
		49FD4A3C217E1EC70037DC74 /* Info.plist */ = {isa = PBXFileReference; lastKnownFileType = text.plist.xml; path = Info.plist; sourceTree = "<group>"; };
		4A05100C218B4A7B00613315 /* GoogleService-Info.plist */ = {isa = PBXFileReference; fileEncoding = 4; lastKnownFileType = text.plist.xml; path = "GoogleService-Info.plist"; sourceTree = "<group>"; };
		4A9A863F21E3ACFD004943EE /* GroupSelectionCell.swift */ = {isa = PBXFileReference; lastKnownFileType = sourcecode.swift; path = GroupSelectionCell.swift; sourceTree = "<group>"; };
		4AB63F6022259E22007C0C34 /* FirstRequestsCollectionViewCell.swift */ = {isa = PBXFileReference; lastKnownFileType = sourcecode.swift; path = FirstRequestsCollectionViewCell.swift; sourceTree = "<group>"; };
		4ABCA909220CD8C300162DC8 /* UserReservationCell.swift */ = {isa = PBXFileReference; lastKnownFileType = sourcecode.swift; path = UserReservationCell.swift; sourceTree = "<group>"; };
		4ABCA90B220CDFC500162DC8 /* TodayReservationCell.swift */ = {isa = PBXFileReference; lastKnownFileType = sourcecode.swift; path = TodayReservationCell.swift; sourceTree = "<group>"; };
		4AC4D42021F7753200FA5349 /* ReservationViewController.swift */ = {isa = PBXFileReference; lastKnownFileType = sourcecode.swift; path = ReservationViewController.swift; sourceTree = "<group>"; };
		4AC4D42221F7D35100FA5349 /* CalendarCell.swift */ = {isa = PBXFileReference; lastKnownFileType = sourcecode.swift; path = CalendarCell.swift; sourceTree = "<group>"; };
		4AC4D42421FB6C9700FA5349 /* Main.storyboard */ = {isa = PBXFileReference; fileEncoding = 4; lastKnownFileType = file.storyboard; path = Main.storyboard; sourceTree = "<group>"; };
		4AE3937A221611B800C30FE9 /* InitialHomeScreen.swift */ = {isa = PBXFileReference; lastKnownFileType = sourcecode.swift; path = InitialHomeScreen.swift; sourceTree = "<group>"; };
		764E3DD0E50A1CE240ECBEEB /* Pods-Car Charge Checker.release.xcconfig */ = {isa = PBXFileReference; includeInIndex = 1; lastKnownFileType = text.xcconfig; name = "Pods-Car Charge Checker.release.xcconfig"; path = "Pods/Target Support Files/Pods-Car Charge Checker/Pods-Car Charge Checker.release.xcconfig"; sourceTree = "<group>"; };
		B1E00A3EACA941F4B391A7BB /* Pods_Car_Charge_Checker.framework */ = {isa = PBXFileReference; explicitFileType = wrapper.framework; includeInIndex = 0; path = Pods_Car_Charge_Checker.framework; sourceTree = BUILT_PRODUCTS_DIR; };
		DFBAF94A06930653E2641C22 /* Pods-Car Charge Checker.debug.xcconfig */ = {isa = PBXFileReference; includeInIndex = 1; lastKnownFileType = text.xcconfig; name = "Pods-Car Charge Checker.debug.xcconfig"; path = "Pods/Target Support Files/Pods-Car Charge Checker/Pods-Car Charge Checker.debug.xcconfig"; sourceTree = "<group>"; };
/* End PBXFileReference section */

/* Begin PBXFrameworksBuildPhase section */
		49FD4A2A217E1EC60037DC74 /* Frameworks */ = {
			isa = PBXFrameworksBuildPhase;
			buildActionMask = 2147483647;
			files = (
				CB27A27EB8CBBF22E0A505E6 /* Pods_Car_Charge_Checker.framework in Frameworks */,
			);
			runOnlyForDeploymentPostprocessing = 0;
		};
/* End PBXFrameworksBuildPhase section */

/* Begin PBXGroup section */
		4995391921BACDB800949ACA /* ViewController */ = {
			isa = PBXGroup;
			children = (
				4ABCA904220CD3B100162DC8 /* Home Screen */,
				4ABCA902220B415700162DC8 /* Slide-out Menu */,
				4ABCA900220B40BF00162DC8 /* Reservation Setup */,
				4ABCA901220B410500162DC8 /* Notifications */,
				49D1852221B5EA4C0034E239 /* SettingsViewController.swift */,
				49D3DE63218C9A2A00CE7964 /* UserSetupViewController.swift */,
				492AAD6E2188936C006976DC /* SignInViewController.swift */,
				49BE8F3921B717A300B19F71 /* CreateGroupViewController.swift */,
			);
			path = ViewController;
			sourceTree = "<group>";
		};
		49FD4A24217E1EC60037DC74 = {
			isa = PBXGroup;
			children = (
				49FD4A2F217E1EC60037DC74 /* Car Charge Checker */,
				49FD4A2E217E1EC60037DC74 /* Products */,
				BB11F1D59885297B6419FDBF /* Pods */,
				B2926B9601B36DC25C9B22AC /* Frameworks */,
			);
			sourceTree = "<group>";
		};
		49FD4A2E217E1EC60037DC74 /* Products */ = {
			isa = PBXGroup;
			children = (
				49FD4A2D217E1EC60037DC74 /* Car Charge Checker.app */,
			);
			name = Products;
			sourceTree = "<group>";
		};
		49FD4A2F217E1EC60037DC74 /* Car Charge Checker */ = {
			isa = PBXGroup;
			children = (
				4AC4D42421FB6C9700FA5349 /* Main.storyboard */,
				49FD4A30217E1EC60037DC74 /* AppDelegate.swift */,
				49989FED2190A0B300F61C58 /* Color.swift */,
				4916533621E650E80072D075 /* Globals.swift */,
				4995391921BACDB800949ACA /* ViewController */,
				49DE59E92182122B00EE51DE /* Car Charge Checker.entitlements */,
				49FD4A37217E1EC70037DC74 /* Assets.xcassets */,
				49FD4A39217E1EC70037DC74 /* LaunchScreen.storyboard */,
				4A05100C218B4A7B00613315 /* GoogleService-Info.plist */,
				49FD4A3C217E1EC70037DC74 /* Info.plist */,
			);
			path = "Car Charge Checker";
			sourceTree = "<group>";
		};
		4ABCA900220B40BF00162DC8 /* Reservation Setup */ = {
			isa = PBXGroup;
			children = (
				4AC4D42021F7753200FA5349 /* ReservationViewController.swift */,
				4AC4D42221F7D35100FA5349 /* CalendarCell.swift */,
			);
			path = "Reservation Setup";
			sourceTree = "<group>";
		};
		4ABCA901220B410500162DC8 /* Notifications */ = {
			isa = PBXGroup;
			children = (
				492C241B21E016A900DB88C7 /* NotificationsViewController.swift */,
				4916533921E68F530072D075 /* RequestCollectionViewCell.swift */,
			);
			path = Notifications;
			sourceTree = "<group>";
		};
		4ABCA902220B415700162DC8 /* Slide-out Menu */ = {
			isa = PBXGroup;
			children = (
				498CF2DD219B7C9200F2431E /* MenuViewController.swift */,
				4A9A863F21E3ACFD004943EE /* GroupSelectionCell.swift */,
			);
			path = "Slide-out Menu";
			sourceTree = "<group>";
		};
		4ABCA904220CD3B100162DC8 /* Home Screen */ = {
			isa = PBXGroup;
			children = (
				49FD4A32217E1EC60037DC74 /* ViewController.swift */,
				4ABCA909220CD8C300162DC8 /* UserReservationCell.swift */,
				4ABCA90B220CDFC500162DC8 /* TodayReservationCell.swift */,
				4AE3937A221611B800C30FE9 /* InitialHomeScreen.swift */,
				4AB63F6022259E22007C0C34 /* FirstRequestsCollectionViewCell.swift */,
			);
			path = "Home Screen";
			sourceTree = "<group>";
		};
		B2926B9601B36DC25C9B22AC /* Frameworks */ = {
			isa = PBXGroup;
			children = (
				B1E00A3EACA941F4B391A7BB /* Pods_Car_Charge_Checker.framework */,
			);
			name = Frameworks;
			sourceTree = "<group>";
		};
		BB11F1D59885297B6419FDBF /* Pods */ = {
			isa = PBXGroup;
			children = (
				DFBAF94A06930653E2641C22 /* Pods-Car Charge Checker.debug.xcconfig */,
				764E3DD0E50A1CE240ECBEEB /* Pods-Car Charge Checker.release.xcconfig */,
			);
			name = Pods;
			sourceTree = "<group>";
		};
/* End PBXGroup section */

/* Begin PBXNativeTarget section */
		49FD4A2C217E1EC60037DC74 /* Car Charge Checker */ = {
			isa = PBXNativeTarget;
			buildConfigurationList = 49FD4A3F217E1EC70037DC74 /* Build configuration list for PBXNativeTarget "Car Charge Checker" */;
			buildPhases = (
				0DC46FDE874F9AC0B09F2DFD /* [CP] Check Pods Manifest.lock */,
				49FD4A29217E1EC60037DC74 /* Sources */,
				49FD4A2A217E1EC60037DC74 /* Frameworks */,
				49FD4A2B217E1EC60037DC74 /* Resources */,
				5D52E0BC956A14F761A0CF46 /* [CP] Embed Pods Frameworks */,
				979E909E163C530A464FDC4B /* [CP] Copy Pods Resources */,
			);
			buildRules = (
			);
			dependencies = (
			);
			name = "Car Charge Checker";
			productName = "Car Charge Checker";
			productReference = 49FD4A2D217E1EC60037DC74 /* Car Charge Checker.app */;
			productType = "com.apple.product-type.application";
		};
/* End PBXNativeTarget section */

/* Begin PBXProject section */
		49FD4A25217E1EC60037DC74 /* Project object */ = {
			isa = PBXProject;
			attributes = {
				LastSwiftUpdateCheck = 1000;
				LastUpgradeCheck = 1000;
				ORGANIZATIONNAME = "Michael Filippini";
				TargetAttributes = {
					49FD4A2C217E1EC60037DC74 = {
						CreatedOnToolsVersion = 10.0;
						SystemCapabilities = {
							com.apple.Push = {
								enabled = 0;
							};
						};
					};
				};
			};
			buildConfigurationList = 49FD4A28217E1EC60037DC74 /* Build configuration list for PBXProject "Car Charge Checker" */;
			compatibilityVersion = "Xcode 9.3";
			developmentRegion = en;
			hasScannedForEncodings = 0;
			knownRegions = (
				en,
				Base,
			);
			mainGroup = 49FD4A24217E1EC60037DC74;
			productRefGroup = 49FD4A2E217E1EC60037DC74 /* Products */;
			projectDirPath = "";
			projectRoot = "";
			targets = (
				49FD4A2C217E1EC60037DC74 /* Car Charge Checker */,
			);
		};
/* End PBXProject section */

/* Begin PBXResourcesBuildPhase section */
		49FD4A2B217E1EC60037DC74 /* Resources */ = {
			isa = PBXResourcesBuildPhase;
			buildActionMask = 2147483647;
			files = (
				49FD4A3B217E1EC70037DC74 /* LaunchScreen.storyboard in Resources */,
				4A05100D218B4A7B00613315 /* GoogleService-Info.plist in Resources */,
				49FD4A38217E1EC70037DC74 /* Assets.xcassets in Resources */,
				4AC4D42521FB6C9700FA5349 /* Main.storyboard in Resources */,
			);
			runOnlyForDeploymentPostprocessing = 0;
		};
/* End PBXResourcesBuildPhase section */

/* Begin PBXShellScriptBuildPhase section */
		0DC46FDE874F9AC0B09F2DFD /* [CP] Check Pods Manifest.lock */ = {
			isa = PBXShellScriptBuildPhase;
			buildActionMask = 2147483647;
			files = (
			);
			inputFileListPaths = (
			);
			inputPaths = (
				"${PODS_PODFILE_DIR_PATH}/Podfile.lock",
				"${PODS_ROOT}/Manifest.lock",
			);
			name = "[CP] Check Pods Manifest.lock";
			outputFileListPaths = (
			);
			outputPaths = (
				"$(DERIVED_FILE_DIR)/Pods-Car Charge Checker-checkManifestLockResult.txt",
			);
			runOnlyForDeploymentPostprocessing = 0;
			shellPath = /bin/sh;
			shellScript = "diff \"${PODS_PODFILE_DIR_PATH}/Podfile.lock\" \"${PODS_ROOT}/Manifest.lock\" > /dev/null\nif [ $? != 0 ] ; then\n    # print error to STDERR\n    echo \"error: The sandbox is not in sync with the Podfile.lock. Run 'pod install' or update your CocoaPods installation.\" >&2\n    exit 1\nfi\n# This output is used by Xcode 'outputs' to avoid re-running this script phase.\necho \"SUCCESS\" > \"${SCRIPT_OUTPUT_FILE_0}\"\n";
			showEnvVarsInLog = 0;
		};
		5D52E0BC956A14F761A0CF46 /* [CP] Embed Pods Frameworks */ = {
			isa = PBXShellScriptBuildPhase;
			buildActionMask = 2147483647;
			files = (
			);
			inputFileListPaths = (
			);
			inputPaths = (
				"${SRCROOT}/Pods/Target Support Files/Pods-Car Charge Checker/Pods-Car Charge Checker-frameworks.sh",
				"${BUILT_PRODUCTS_DIR}/GTMOAuth2/GTMOAuth2.framework",
				"${BUILT_PRODUCTS_DIR}/GTMSessionFetcher/GTMSessionFetcher.framework",
				"${BUILT_PRODUCTS_DIR}/GoogleToolboxForMac/GoogleToolboxForMac.framework",
				"${BUILT_PRODUCTS_DIR}/GoogleUtilities/GoogleUtilities.framework",
				"${BUILT_PRODUCTS_DIR}/SlideMenuControllerSwift/SlideMenuControllerSwift.framework",
				"${BUILT_PRODUCTS_DIR}/leveldb-library/leveldb.framework",
				"${BUILT_PRODUCTS_DIR}/nanopb/nanopb.framework",
			);
			name = "[CP] Embed Pods Frameworks";
			outputFileListPaths = (
			);
			outputPaths = (
				"${TARGET_BUILD_DIR}/${FRAMEWORKS_FOLDER_PATH}/GTMOAuth2.framework",
				"${TARGET_BUILD_DIR}/${FRAMEWORKS_FOLDER_PATH}/GTMSessionFetcher.framework",
				"${TARGET_BUILD_DIR}/${FRAMEWORKS_FOLDER_PATH}/GoogleToolboxForMac.framework",
				"${TARGET_BUILD_DIR}/${FRAMEWORKS_FOLDER_PATH}/GoogleUtilities.framework",
				"${TARGET_BUILD_DIR}/${FRAMEWORKS_FOLDER_PATH}/SlideMenuControllerSwift.framework",
				"${TARGET_BUILD_DIR}/${FRAMEWORKS_FOLDER_PATH}/leveldb.framework",
				"${TARGET_BUILD_DIR}/${FRAMEWORKS_FOLDER_PATH}/nanopb.framework",
			);
			runOnlyForDeploymentPostprocessing = 0;
			shellPath = /bin/sh;
			shellScript = "\"${SRCROOT}/Pods/Target Support Files/Pods-Car Charge Checker/Pods-Car Charge Checker-frameworks.sh\"\n";
			showEnvVarsInLog = 0;
		};
		979E909E163C530A464FDC4B /* [CP] Copy Pods Resources */ = {
			isa = PBXShellScriptBuildPhase;
			buildActionMask = 2147483647;
			files = (
			);
			inputFileListPaths = (
			);
			inputPaths = (
				"${SRCROOT}/Pods/Target Support Files/Pods-Car Charge Checker/Pods-Car Charge Checker-resources.sh",
				"${PODS_CONFIGURATION_BUILD_DIR}/FirebaseUI/FirebaseAuthUI.bundle",
				"${PODS_CONFIGURATION_BUILD_DIR}/FirebaseUI/FirebasePhoneAuthUI.bundle",
				"${PODS_ROOT}/GoogleSignIn/Resources/GoogleSignIn.bundle",
			);
			name = "[CP] Copy Pods Resources";
			outputFileListPaths = (
			);
			outputPaths = (
				"${TARGET_BUILD_DIR}/${UNLOCALIZED_RESOURCES_FOLDER_PATH}/FirebaseAuthUI.bundle",
				"${TARGET_BUILD_DIR}/${UNLOCALIZED_RESOURCES_FOLDER_PATH}/FirebasePhoneAuthUI.bundle",
				"${TARGET_BUILD_DIR}/${UNLOCALIZED_RESOURCES_FOLDER_PATH}/GoogleSignIn.bundle",
			);
			runOnlyForDeploymentPostprocessing = 0;
			shellPath = /bin/sh;
			shellScript = "\"${SRCROOT}/Pods/Target Support Files/Pods-Car Charge Checker/Pods-Car Charge Checker-resources.sh\"\n";
			showEnvVarsInLog = 0;
		};
/* End PBXShellScriptBuildPhase section */

/* Begin PBXSourcesBuildPhase section */
		49FD4A29217E1EC60037DC74 /* Sources */ = {
			isa = PBXSourcesBuildPhase;
			buildActionMask = 2147483647;
			files = (
				492C241C21E016A900DB88C7 /* NotificationsViewController.swift in Sources */,
				4AC4D42321F7D35100FA5349 /* CalendarCell.swift in Sources */,
				49FD4A33217E1EC60037DC74 /* ViewController.swift in Sources */,
				4AB63F6122259E22007C0C34 /* FirstRequestsCollectionViewCell.swift in Sources */,
				498CF2DE219B7C9200F2431E /* MenuViewController.swift in Sources */,
				49BE8F3A21B717A300B19F71 /* CreateGroupViewController.swift in Sources */,
				49D1852321B5EA4C0034E239 /* SettingsViewController.swift in Sources */,
				4916533721E650E80072D075 /* Globals.swift in Sources */,
				49FD4A31217E1EC60037DC74 /* AppDelegate.swift in Sources */,
				4ABCA90C220CDFC500162DC8 /* TodayReservationCell.swift in Sources */,
				492AAD6F2188936C006976DC /* SignInViewController.swift in Sources */,
				49989FEE2190A0B300F61C58 /* Color.swift in Sources */,
				4A9A864121E3ACFD004943EE /* GroupSelectionCell.swift in Sources */,
				4AC4D42121F7753200FA5349 /* ReservationViewController.swift in Sources */,
				4916533A21E68F530072D075 /* RequestCollectionViewCell.swift in Sources */,
				4ABCA90A220CD8C300162DC8 /* UserReservationCell.swift in Sources */,
				49D3DE64218C9A2A00CE7964 /* UserSetupViewController.swift in Sources */,
				4AE3937B221611B800C30FE9 /* InitialHomeScreen.swift in Sources */,
			);
			runOnlyForDeploymentPostprocessing = 0;
		};
/* End PBXSourcesBuildPhase section */

/* Begin PBXVariantGroup section */
		49FD4A39217E1EC70037DC74 /* LaunchScreen.storyboard */ = {
			isa = PBXVariantGroup;
			children = (
				49FD4A3A217E1EC70037DC74 /* Base */,
			);
			name = LaunchScreen.storyboard;
			sourceTree = "<group>";
		};
/* End PBXVariantGroup section */

/* Begin XCBuildConfiguration section */
		49FD4A3D217E1EC70037DC74 /* Debug */ = {
			isa = XCBuildConfiguration;
			buildSettings = {
				ALWAYS_SEARCH_USER_PATHS = NO;
				CLANG_ANALYZER_NONNULL = YES;
				CLANG_ANALYZER_NUMBER_OBJECT_CONVERSION = YES_AGGRESSIVE;
				CLANG_CXX_LANGUAGE_STANDARD = "gnu++14";
				CLANG_CXX_LIBRARY = "libc++";
				CLANG_ENABLE_MODULES = YES;
				CLANG_ENABLE_OBJC_ARC = YES;
				CLANG_ENABLE_OBJC_WEAK = YES;
				CLANG_WARN_BLOCK_CAPTURE_AUTORELEASING = YES;
				CLANG_WARN_BOOL_CONVERSION = YES;
				CLANG_WARN_COMMA = YES;
				CLANG_WARN_CONSTANT_CONVERSION = YES;
				CLANG_WARN_DEPRECATED_OBJC_IMPLEMENTATIONS = YES;
				CLANG_WARN_DIRECT_OBJC_ISA_USAGE = YES_ERROR;
				CLANG_WARN_DOCUMENTATION_COMMENTS = YES;
				CLANG_WARN_EMPTY_BODY = YES;
				CLANG_WARN_ENUM_CONVERSION = YES;
				CLANG_WARN_INFINITE_RECURSION = YES;
				CLANG_WARN_INT_CONVERSION = YES;
				CLANG_WARN_NON_LITERAL_NULL_CONVERSION = YES;
				CLANG_WARN_OBJC_IMPLICIT_RETAIN_SELF = YES;
				CLANG_WARN_OBJC_LITERAL_CONVERSION = YES;
				CLANG_WARN_OBJC_ROOT_CLASS = YES_ERROR;
				CLANG_WARN_RANGE_LOOP_ANALYSIS = YES;
				CLANG_WARN_STRICT_PROTOTYPES = YES;
				CLANG_WARN_SUSPICIOUS_MOVE = YES;
				CLANG_WARN_UNGUARDED_AVAILABILITY = YES_AGGRESSIVE;
				CLANG_WARN_UNREACHABLE_CODE = YES;
				CLANG_WARN__DUPLICATE_METHOD_MATCH = YES;
				CODE_SIGN_IDENTITY = "iPhone Developer";
				COPY_PHASE_STRIP = NO;
				DEBUG_INFORMATION_FORMAT = dwarf;
				ENABLE_STRICT_OBJC_MSGSEND = YES;
				ENABLE_TESTABILITY = YES;
				GCC_C_LANGUAGE_STANDARD = gnu11;
				GCC_DYNAMIC_NO_PIC = NO;
				GCC_NO_COMMON_BLOCKS = YES;
				GCC_OPTIMIZATION_LEVEL = 0;
				GCC_PREPROCESSOR_DEFINITIONS = (
					"DEBUG=1",
					"$(inherited)",
				);
				GCC_WARN_64_TO_32_BIT_CONVERSION = YES;
				GCC_WARN_ABOUT_RETURN_TYPE = YES_ERROR;
				GCC_WARN_UNDECLARED_SELECTOR = YES;
				GCC_WARN_UNINITIALIZED_AUTOS = YES_AGGRESSIVE;
				GCC_WARN_UNUSED_FUNCTION = YES;
				GCC_WARN_UNUSED_VARIABLE = YES;
				IPHONEOS_DEPLOYMENT_TARGET = 12.0;
				MTL_ENABLE_DEBUG_INFO = INCLUDE_SOURCE;
				MTL_FAST_MATH = YES;
				ONLY_ACTIVE_ARCH = YES;
				SDKROOT = iphoneos;
				SWIFT_ACTIVE_COMPILATION_CONDITIONS = DEBUG;
				SWIFT_OPTIMIZATION_LEVEL = "-Onone";
			};
			name = Debug;
		};
		49FD4A3E217E1EC70037DC74 /* Release */ = {
			isa = XCBuildConfiguration;
			buildSettings = {
				ALWAYS_SEARCH_USER_PATHS = NO;
				CLANG_ANALYZER_NONNULL = YES;
				CLANG_ANALYZER_NUMBER_OBJECT_CONVERSION = YES_AGGRESSIVE;
				CLANG_CXX_LANGUAGE_STANDARD = "gnu++14";
				CLANG_CXX_LIBRARY = "libc++";
				CLANG_ENABLE_MODULES = YES;
				CLANG_ENABLE_OBJC_ARC = YES;
				CLANG_ENABLE_OBJC_WEAK = YES;
				CLANG_WARN_BLOCK_CAPTURE_AUTORELEASING = YES;
				CLANG_WARN_BOOL_CONVERSION = YES;
				CLANG_WARN_COMMA = YES;
				CLANG_WARN_CONSTANT_CONVERSION = YES;
				CLANG_WARN_DEPRECATED_OBJC_IMPLEMENTATIONS = YES;
				CLANG_WARN_DIRECT_OBJC_ISA_USAGE = YES_ERROR;
				CLANG_WARN_DOCUMENTATION_COMMENTS = YES;
				CLANG_WARN_EMPTY_BODY = YES;
				CLANG_WARN_ENUM_CONVERSION = YES;
				CLANG_WARN_INFINITE_RECURSION = YES;
				CLANG_WARN_INT_CONVERSION = YES;
				CLANG_WARN_NON_LITERAL_NULL_CONVERSION = YES;
				CLANG_WARN_OBJC_IMPLICIT_RETAIN_SELF = YES;
				CLANG_WARN_OBJC_LITERAL_CONVERSION = YES;
				CLANG_WARN_OBJC_ROOT_CLASS = YES_ERROR;
				CLANG_WARN_RANGE_LOOP_ANALYSIS = YES;
				CLANG_WARN_STRICT_PROTOTYPES = YES;
				CLANG_WARN_SUSPICIOUS_MOVE = YES;
				CLANG_WARN_UNGUARDED_AVAILABILITY = YES_AGGRESSIVE;
				CLANG_WARN_UNREACHABLE_CODE = YES;
				CLANG_WARN__DUPLICATE_METHOD_MATCH = YES;
				CODE_SIGN_IDENTITY = "iPhone Developer";
				COPY_PHASE_STRIP = NO;
				DEBUG_INFORMATION_FORMAT = "dwarf-with-dsym";
				ENABLE_NS_ASSERTIONS = NO;
				ENABLE_STRICT_OBJC_MSGSEND = YES;
				GCC_C_LANGUAGE_STANDARD = gnu11;
				GCC_NO_COMMON_BLOCKS = YES;
				GCC_WARN_64_TO_32_BIT_CONVERSION = YES;
				GCC_WARN_ABOUT_RETURN_TYPE = YES_ERROR;
				GCC_WARN_UNDECLARED_SELECTOR = YES;
				GCC_WARN_UNINITIALIZED_AUTOS = YES_AGGRESSIVE;
				GCC_WARN_UNUSED_FUNCTION = YES;
				GCC_WARN_UNUSED_VARIABLE = YES;
				IPHONEOS_DEPLOYMENT_TARGET = 12.0;
				MTL_ENABLE_DEBUG_INFO = NO;
				MTL_FAST_MATH = YES;
				SDKROOT = iphoneos;
				SWIFT_COMPILATION_MODE = wholemodule;
				SWIFT_OPTIMIZATION_LEVEL = "-O";
				VALIDATE_PRODUCT = YES;
			};
			name = Release;
		};
		49FD4A40217E1EC70037DC74 /* Debug */ = {
			isa = XCBuildConfiguration;
			baseConfigurationReference = DFBAF94A06930653E2641C22 /* Pods-Car Charge Checker.debug.xcconfig */;
			buildSettings = {
				ASSETCATALOG_COMPILER_APPICON_NAME = AppIcon;
				CODE_SIGN_STYLE = Automatic;
				DEVELOPMENT_TEAM = 4A8MPXMBPS;
				INFOPLIST_FILE = "Car Charge Checker/Info.plist";
				IPHONEOS_DEPLOYMENT_TARGET = 12.0;
				LD_RUNPATH_SEARCH_PATHS = (
					"$(inherited)",
					"@executable_path/Frameworks",
				);
				PRODUCT_BUNDLE_IDENTIFIER = "Car-Charge-Checker";
				PRODUCT_NAME = "$(TARGET_NAME)";
				SWIFT_VERSION = 4.2;
				TARGETED_DEVICE_FAMILY = 1;
			};
			name = Debug;
		};
		49FD4A41217E1EC70037DC74 /* Release */ = {
			isa = XCBuildConfiguration;
			baseConfigurationReference = 764E3DD0E50A1CE240ECBEEB /* Pods-Car Charge Checker.release.xcconfig */;
			buildSettings = {
				ASSETCATALOG_COMPILER_APPICON_NAME = AppIcon;
				CODE_SIGN_STYLE = Automatic;
				DEVELOPMENT_TEAM = 4A8MPXMBPS;
				INFOPLIST_FILE = "Car Charge Checker/Info.plist";
				IPHONEOS_DEPLOYMENT_TARGET = 12.0;
				LD_RUNPATH_SEARCH_PATHS = (
					"$(inherited)",
					"@executable_path/Frameworks",
				);
				PRODUCT_BUNDLE_IDENTIFIER = "Car-Charge-Checker";
				PRODUCT_NAME = "$(TARGET_NAME)";
				SWIFT_VERSION = 4.2;
				TARGETED_DEVICE_FAMILY = 1;
			};
			name = Release;
		};
/* End XCBuildConfiguration section */

/* Begin XCConfigurationList section */
		49FD4A28217E1EC60037DC74 /* Build configuration list for PBXProject "Car Charge Checker" */ = {
			isa = XCConfigurationList;
			buildConfigurations = (
				49FD4A3D217E1EC70037DC74 /* Debug */,
				49FD4A3E217E1EC70037DC74 /* Release */,
			);
			defaultConfigurationIsVisible = 0;
			defaultConfigurationName = Release;
		};
		49FD4A3F217E1EC70037DC74 /* Build configuration list for PBXNativeTarget "Car Charge Checker" */ = {
			isa = XCConfigurationList;
			buildConfigurations = (
				49FD4A40217E1EC70037DC74 /* Debug */,
				49FD4A41217E1EC70037DC74 /* Release */,
			);
			defaultConfigurationIsVisible = 0;
			defaultConfigurationName = Release;
		};
/* End XCConfigurationList section */
	};
	rootObject = 49FD4A25217E1EC60037DC74 /* Project object */;
}
